<?xml version="1.0" encoding="utf-8"?>
<Project ToolsVersion="4.0" xmlns="http://schemas.microsoft.com/developer/msbuild/2003">
  <ItemGroup>
    <Filter Include="Source Files">
      <UniqueIdentifier>{4FC737F1-C7A5-4376-A066-2A32D752A2FF}</UniqueIdentifier>
      <Extensions>cpp;c;cc;cxx;c++;cppm;ixx;def;odl;idl;hpj;bat;asm;asmx</Extensions>
    </Filter>
    <Filter Include="Header Files">
      <UniqueIdentifier>{93995380-89BD-4b04-88EB-625FBE52EBFB}</UniqueIdentifier>
      <Extensions>h;hh;hpp;hxx;h++;hm;inl;inc;ipp;xsd</Extensions>
    </Filter>
    <Filter Include="Resource Files">
      <UniqueIdentifier>{67DA6AB6-F800-4c08-8B7A-83BB121AAD01}</UniqueIdentifier>
      <Extensions>rc;ico;cur;bmp;dlg;rc2;rct;bin;rgs;gif;jpg;jpeg;jpe;resx;tiff;tif;png;wav;mfcribbon-ms</Extensions>
    </Filter>
    <Filter Include="Header Files\UI">
      <UniqueIdentifier>{d3174b84-6aa4-492d-a8fb-3080df288ba0}</UniqueIdentifier>
    </Filter>
    <Filter Include="Source Files\UI">
      <UniqueIdentifier>{609f0a38-776e-487a-aa87-e70ad89ba3da}</UniqueIdentifier>
    </Filter>
  </ItemGroup>
  <ItemGroup>
    <ClInclude Include="DateTime.h">
      <Filter>Header Files</Filter>
    </ClInclude>
    <ClInclude Include="Lesson.h">
      <Filter>Header Files</Filter>
    </ClInclude>
    <ClInclude Include="Helper_Functions.h">
      <Filter>Header Files</Filter>
    </ClInclude>
    <ClInclude Include="DateTime_Exceptions.h">
      <Filter>Header Files</Filter>
    </ClInclude>
    <ClInclude Include="Person.h">
      <Filter>Header Files</Filter>
    </ClInclude>
    <ClInclude Include="Data_Helper_Types.h">
      <Filter>Header Files</Filter>
    </ClInclude>
    <ClInclude Include="DataBase.h">
      <Filter>Header Files</Filter>
    </ClInclude>
    <ClInclude Include="DataBase_Parser_Functions.h">
      <Filter>Header Files</Filter>
    </ClInclude>
  </ItemGroup>
  <ItemGroup>
    <ClCompile Include="DateTime.cpp">
      <Filter>Source Files</Filter>
    </ClCompile>
    <ClCompile Include="Helper_Functions.cpp">
      <Filter>Source Files</Filter>
    </ClCompile>
    <ClCompile Include="DateTime_Exceptions.cpp">
      <Filter>Source Files</Filter>
    </ClCompile>
    <ClCompile Include="Person.cpp">
      <Filter>Source Files</Filter>
    </ClCompile>
    <ClCompile Include="Data_Helper_Types.cpp">
      <Filter>Source Files</Filter>
    </ClCompile>
    <ClCompile Include="Lesson.cpp">
      <Filter>Source Files</Filter>
    </ClCompile>
    <ClCompile Include="DataBase.cpp">
      <Filter>Source Files</Filter>
    </ClCompile>
    <ClCompile Include="Main.cpp">
      <Filter>Source Files</Filter>
    </ClCompile>
    <ClCompile Include="DataBaseGUI.cpp">
      <Filter>Source Files\UI</Filter>
    </ClCompile>
    <ClCompile Include="ChildEntry.cpp">
      <Filter>Source Files\UI</Filter>
    </ClCompile>
    <ClCompile Include="ChildDialog.cpp">
      <Filter>Source Files\UI</Filter>
    </ClCompile>
    <ClCompile Include="ParentEntry.cpp">
      <Filter>Source Files\UI</Filter>
    </ClCompile>
    <ClCompile Include="ChildLabel.cpp">
      <Filter>Source Files\UI</Filter>
    </ClCompile>
    <ClCompile Include="ParentDialog.cpp">
      <Filter>Source Files\UI</Filter>
    </ClCompile>
    <ClCompile Include="ChildCheckBox.cpp">
      <Filter>Source Files\UI</Filter>
    </ClCompile>
    <ClCompile Include="DataBase_Parser_Functions.cpp">
      <Filter>Source Files</Filter>
    </ClCompile>
    <ClCompile Include="EmployeeEntry.cpp">
      <Filter>Source Files\UI</Filter>
    </ClCompile>
    <ClCompile Include="LessonEntry.cpp">
      <Filter>Source Files\UI</Filter>
    </ClCompile>
    <ClCompile Include="EmployeeDialog.cpp">
      <Filter>Source Files\UI</Filter>
    </ClCompile>
  </ItemGroup>
  <ItemGroup>
    <QtMoc Include="ChildEntry.h">
      <Filter>Header Files\UI</Filter>
    </QtMoc>
    <QtMoc Include="DataBaseGUI.h">
      <Filter>Header Files\UI</Filter>
    </QtMoc>
    <QtMoc Include="ChildDialog.h">
      <Filter>Header Files\UI</Filter>
    </QtMoc>
    <QtMoc Include="ChildLabel.h">
      <Filter>Header Files\UI</Filter>
    </QtMoc>
    <QtMoc Include="ChildCheckBox.h">
      <Filter>Header Files\UI</Filter>
    </QtMoc>
    <QtMoc Include="EmployeeDialog.h">
      <Filter>Header Files\UI</Filter>
    </QtMoc>
    <QtMoc Include="EmployeeEntry.h">
      <Filter>Header Files\UI</Filter>
    </QtMoc>
    <QtMoc Include="LessonEntry.h">
      <Filter>Header Files\UI</Filter>
    </QtMoc>
    <QtMoc Include="ParentDialog.h">
      <Filter>Header Files\UI</Filter>
    </QtMoc>
    <QtMoc Include="ParentEntry.h">
      <Filter>Header Files\UI</Filter>
    </QtMoc>
    <QtMoc Include="clickablelabel.h">
      <Filter>Resource Files</Filter>
    </QtMoc>
  </ItemGroup>
  <ItemGroup>
    <QtUic Include="DataBaseGUI.ui">
      <Filter>Resource Files</Filter>
    </QtUic>
    <QtUic Include="ChildEntry.ui">
      <Filter>Resource Files</Filter>
    </QtUic>
    <QtUic Include="ChildDialog.ui">
      <Filter>Resource Files</Filter>
    </QtUic>
    <QtUic Include="ParentEntry.ui">
      <Filter>Resource Files</Filter>
    </QtUic>
    <QtUic Include="ChildLabel.ui">
      <Filter>Resource Files</Filter>
    </QtUic>
    <QtUic Include="ParentDialog.ui">
      <Filter>Resource Files</Filter>
    </QtUic>
    <QtUic Include="ChildCheckBox.ui">
      <Filter>Resource Files</Filter>
    </QtUic>
    <QtUic Include="EmployeeEntry.ui">
      <Filter>Resource Files</Filter>
    </QtUic>
    <QtUic Include="EmployeeDialog.ui">
      <Filter>Resource Files</Filter>
    </QtUic>
    <QtUic Include="LessonEntry.ui">
      <Filter>Resource Files</Filter>
    </QtUic>
  </ItemGroup>
  <ItemGroup>
    <None Include="..\DoxyFile">
      <Filter>Resource Files</Filter>
    </None>
  </ItemGroup>
</Project>